
Microsoft Visual Studio Solution File, Format Version 12.00
# Visual Studio Version 16
VisualStudioVersion = 16.0.30330.147
MinimumVisualStudioVersion = 10.0.40219.1
Project("{FAE04EC0-301F-11D3-BF4B-00C04F79EFBC}") = "cyberpunkSaveFileWatcherTerminal", "cyberpunkSaveFileWatcherTerminal\cyberpunkSaveFileWatcherTerminal.csproj", "{5F7EA3FE-8283-43EA-8F52-E288BBEC6894}"
EndProject
Global
	GlobalSection(SolutionConfigurationPlatforms) = preSolution
		Debug|Any CPU = Debug|Any CPU
		Release|Any CPU = Release|Any CPU
	EndGlobalSection
	GlobalSection(ProjectConfigurationPlatforms) = postSolution
		{5F7EA3FE-8283-43EA-8F52-E288BBEC6894}.Debug|Any CPU.ActiveCfg = Debug|Any CPU
		{5F7EA3FE-8283-43EA-8F52-E288BBEC6894}.Debug|Any CPU.Build.0 = Debug|Any CPU
		{5F7EA3FE-8283-43EA-8F52-E288BBEC6894}.Release|Any CPU.ActiveCfg = Release|Any CPU
		{5F7EA3FE-8283-43EA-8F52-E288BBEC6894}.Release|Any CPU.Build.0 = Release|Any CPU
	EndGlobalSection
	GlobalSection(SolutionProperties) = preSolution
		HideSolutionNode = FALSE
	EndGlobalSection
	GlobalSection(ExtensibilityGlobals) = postSolution
		SolutionGuid = {AB8C78A1-C48D-45FA-8909-369C1DA803A5}
	EndGlobalSection
EndGlobal
